
Microsoft Visual Studio Solution File, Format Version 11.00
# Visual Studio 2010
Project("{FAE04EC0-301F-11D3-BF4B-00C04F79EFBC}") = "MaestroPanelApi", "MaestroPanelApi\MaestroPanelApi.csproj", "{5447320A-48FC-4A98-A8A2-350BE878549B}"
EndProject
Project("{FAE04EC0-301F-11D3-BF4B-00C04F79EFBC}") = "MaestroPanelApi_Test", "MaestroPanelApi_Test\MaestroPanelApi_Test.csproj", "{9888E87A-651D-4FA8-902E-40C510582958}"
EndProject
Project("{2150E333-8FDC-42A3-9474-1A3956D46DE8}") = "Solution Items", "Solution Items", "{0E2BE0B6-FE8A-46DD-8250-4CDDF3FDF61E}"
	ProjectSection(SolutionItems) = preProject
		Local.testsettings = Local.testsettings
		MaestroPanelApiConsole_Sample.vsmdi = MaestroPanelApiConsole_Sample.vsmdi
		TraceAndTestImpact.testsettings = TraceAndTestImpact.testsettings
	EndProjectSection
EndProject
Global
	GlobalSection(TestCaseManagementSettings) = postSolution
		CategoryFile = MaestroPanelApiConsole_Sample.vsmdi
	EndGlobalSection
	GlobalSection(SolutionConfigurationPlatforms) = preSolution
		Debug|Any CPU = Debug|Any CPU
		Debug|Mixed Platforms = Debug|Mixed Platforms
		Debug|x86 = Debug|x86
		Release|Any CPU = Release|Any CPU
		Release|Mixed Platforms = Release|Mixed Platforms
		Release|x86 = Release|x86
	EndGlobalSection
	GlobalSection(ProjectConfigurationPlatforms) = postSolution
		{5447320A-48FC-4A98-A8A2-350BE878549B}.Debug|Any CPU.ActiveCfg = Debug|Any CPU
		{5447320A-48FC-4A98-A8A2-350BE878549B}.Debug|Any CPU.Build.0 = Debug|Any CPU
		{5447320A-48FC-4A98-A8A2-350BE878549B}.Debug|Mixed Platforms.ActiveCfg = Debug|Any CPU
		{5447320A-48FC-4A98-A8A2-350BE878549B}.Debug|Mixed Platforms.Build.0 = Debug|Any CPU
		{5447320A-48FC-4A98-A8A2-350BE878549B}.Debug|x86.ActiveCfg = Debug|Any CPU
		{5447320A-48FC-4A98-A8A2-350BE878549B}.Release|Any CPU.ActiveCfg = Release|Any CPU
		{5447320A-48FC-4A98-A8A2-350BE878549B}.Release|Any CPU.Build.0 = Release|Any CPU
		{5447320A-48FC-4A98-A8A2-350BE878549B}.Release|Mixed Platforms.ActiveCfg = Release|Any CPU
		{5447320A-48FC-4A98-A8A2-350BE878549B}.Release|Mixed Platforms.Build.0 = Release|Any CPU
		{5447320A-48FC-4A98-A8A2-350BE878549B}.Release|x86.ActiveCfg = Release|Any CPU
		{9888E87A-651D-4FA8-902E-40C510582958}.Debug|Any CPU.ActiveCfg = Debug|Any CPU
		{9888E87A-651D-4FA8-902E-40C510582958}.Debug|Any CPU.Build.0 = Debug|Any CPU
		{9888E87A-651D-4FA8-902E-40C510582958}.Debug|Mixed Platforms.ActiveCfg = Debug|Any CPU
		{9888E87A-651D-4FA8-902E-40C510582958}.Debug|Mixed Platforms.Build.0 = Debug|Any CPU
		{9888E87A-651D-4FA8-902E-40C510582958}.Debug|x86.ActiveCfg = Debug|Any CPU
		{9888E87A-651D-4FA8-902E-40C510582958}.Release|Any CPU.ActiveCfg = Release|Any CPU
		{9888E87A-651D-4FA8-902E-40C510582958}.Release|Any CPU.Build.0 = Release|Any CPU
		{9888E87A-651D-4FA8-902E-40C510582958}.Release|Mixed Platforms.ActiveCfg = Release|Any CPU
		{9888E87A-651D-4FA8-902E-40C510582958}.Release|Mixed Platforms.Build.0 = Release|Any CPU
		{9888E87A-651D-4FA8-902E-40C510582958}.Release|x86.ActiveCfg = Release|Any CPU
	EndGlobalSection
	GlobalSection(SolutionProperties) = preSolution
		HideSolutionNode = FALSE
	EndGlobalSection
EndGlobal
